
Microsoft Visual Studio Solution File, Format Version 12.00
# Visual Studio Version 17
VisualStudioVersion = 17.14.36017.23
MinimumVisualStudioVersion = 10.0.40219.1
Project("{FAE04EC0-301F-11D3-BF4B-00C04F79EFBC}") = "IMSNStore.Data", "IMSNStore.DataLayer\IMSNStore.Data.csproj", "{00026C4D-168F-49DC-AF50-A0D222BC4C54}"
EndProject
Project("{FAE04EC0-301F-11D3-BF4B-00C04F79EFBC}") = "IMSNStore.Services", "IMSNStore.ServiceLayer\IMSNStore.Services.csproj", "{88E32DFF-FB23-414F-AC90-664AEFF09F2D}"
EndProject
Project("{FAE04EC0-301F-11D3-BF4B-00C04F79EFBC}") = "IMSNStore.Application", "IMSNStore.WebForms\IMSNStore.Application.csproj", "{91FA3336-4263-43CF-A621-CE6FC1F44461}"
EndProject
Global
	GlobalSection(SolutionConfigurationPlatforms) = preSolution
		Debug|Any CPU = Debug|Any CPU
		Release|Any CPU = Release|Any CPU
	EndGlobalSection
	GlobalSection(ProjectConfigurationPlatforms) = postSolution
		{00026C4D-168F-49DC-AF50-A0D222BC4C54}.Debug|Any CPU.ActiveCfg = Debug|Any CPU
		{00026C4D-168F-49DC-AF50-A0D222BC4C54}.Debug|Any CPU.Build.0 = Debug|Any CPU
		{00026C4D-168F-49DC-AF50-A0D222BC4C54}.Release|Any CPU.ActiveCfg = Release|Any CPU
		{00026C4D-168F-49DC-AF50-A0D222BC4C54}.Release|Any CPU.Build.0 = Release|Any CPU
		{88E32DFF-FB23-414F-AC90-664AEFF09F2D}.Debug|Any CPU.ActiveCfg = Debug|Any CPU
		{88E32DFF-FB23-414F-AC90-664AEFF09F2D}.Debug|Any CPU.Build.0 = Debug|Any CPU
		{88E32DFF-FB23-414F-AC90-664AEFF09F2D}.Release|Any CPU.ActiveCfg = Release|Any CPU
		{88E32DFF-FB23-414F-AC90-664AEFF09F2D}.Release|Any CPU.Build.0 = Release|Any CPU
		{91FA3336-4263-43CF-A621-CE6FC1F44461}.Debug|Any CPU.ActiveCfg = Debug|Any CPU
		{91FA3336-4263-43CF-A621-CE6FC1F44461}.Debug|Any CPU.Build.0 = Debug|Any CPU
		{91FA3336-4263-43CF-A621-CE6FC1F44461}.Release|Any CPU.ActiveCfg = Release|Any CPU
		{91FA3336-4263-43CF-A621-CE6FC1F44461}.Release|Any CPU.Build.0 = Release|Any CPU
	EndGlobalSection
	GlobalSection(SolutionProperties) = preSolution
		HideSolutionNode = FALSE
	EndGlobalSection
	GlobalSection(ExtensibilityGlobals) = postSolution
		SolutionGuid = {236598C4-7640-46D1-BB63-9A95D27E4253}
	EndGlobalSection
EndGlobal
